Microsoft Visual Studio Solution File, Format Version 11.00
# Visual Studio 2010
Project("{FAE04EC0-301F-11D3-BF4B-00C04F79EFBC}") = "CS", "CS\CS.csproj", "{52227174-CB20-48A9-817E-82B8A4F98A31}"
EndProject
Global
	GlobalSection(SolutionConfigurationPlatforms) = preSolution
		Debug|Any CPU = Debug|Any CPU
		Release|Any CPU = Release|Any CPU
	EndGlobalSection
	GlobalSection(ProjectConfigurationPlatforms) = postSolution
		{52227174-CB20-48A9-817E-82B8A4F98A31}.Debug|Any CPU.ActiveCfg = Debug|Any CPU
		{52227174-CB20-48A9-817E-82B8A4F98A31}.Debug|Any CPU.Build.0 = Debug|Any CPU
		{52227174-CB20-48A9-817E-82B8A4F98A31}.Release|Any CPU.ActiveCfg = Release|Any CPU
		{52227174-CB20-48A9-817E-82B8A4F98A31}.Release|Any CPU.Build.0 = Release|Any CPU
	EndGlobalSection
	GlobalSection(SolutionProperties) = preSolution
		HideSolutionNode = FALSE
	EndGlobalSection
EndGlobal
